
Microsoft Visual Studio Solution File, Format Version 12.00
# Visual Studio 15
VisualStudioVersion = 15.0.27130.2010
MinimumVisualStudioVersion = 10.0.40219.1
Project("{FAE04EC0-301F-11D3-BF4B-00C04F79EFBC}") = "RouxAcademy", "RouxAcademy\RouxAcademy.csproj", "{C965E2E3-6656-49EC-B965-67B07646149B}"
EndProject
Project("{FAE04EC0-301F-11D3-BF4B-00C04F79EFBC}") = "ExternalLibrary", "ExternalLibrary\ExternalLibrary.csproj", "{D439C7AB-32FB-4926-9EA9-BA66DAE13FC9}"
EndProject
Global
	GlobalSection(SolutionConfigurationPlatforms) = preSolution
		Debug|Any CPU = Debug|Any CPU
		Release|Any CPU = Release|Any CPU
	EndGlobalSection
	GlobalSection(ProjectConfigurationPlatforms) = postSolution
		{C965E2E3-6656-49EC-B965-67B07646149B}.Debug|Any CPU.ActiveCfg = Debug|Any CPU
		{C965E2E3-6656-49EC-B965-67B07646149B}.Debug|Any CPU.Build.0 = Debug|Any CPU
		{C965E2E3-6656-49EC-B965-67B07646149B}.Release|Any CPU.ActiveCfg = Release|Any CPU
		{C965E2E3-6656-49EC-B965-67B07646149B}.Release|Any CPU.Build.0 = Release|Any CPU
		{D439C7AB-32FB-4926-9EA9-BA66DAE13FC9}.Debug|Any CPU.ActiveCfg = Debug|Any CPU
		{D439C7AB-32FB-4926-9EA9-BA66DAE13FC9}.Debug|Any CPU.Build.0 = Debug|Any CPU
		{D439C7AB-32FB-4926-9EA9-BA66DAE13FC9}.Release|Any CPU.ActiveCfg = Release|Any CPU
		{D439C7AB-32FB-4926-9EA9-BA66DAE13FC9}.Release|Any CPU.Build.0 = Release|Any CPU
	EndGlobalSection
	GlobalSection(SolutionProperties) = preSolution
		HideSolutionNode = FALSE
	EndGlobalSection
	GlobalSection(ExtensibilityGlobals) = postSolution
		SolutionGuid = {F6A3013A-0191-4699-8189-3ECEECA28115}
	EndGlobalSection
EndGlobal
